
Microsoft Visual Studio Solution File, Format Version 12.00
# Visual Studio Version 17
VisualStudioVersion = 17.6.33723.286
MinimumVisualStudioVersion = 10.0.40219.1
Project("{FAE04EC0-301F-11D3-BF4B-00C04F79EFBC}") = "Palindrom", "Palindrom\Palindrom.csproj", "{00E5118B-0D6D-45B3-846F-4437FE8549AF}"
EndProject
Project("{FAE04EC0-301F-11D3-BF4B-00C04F79EFBC}") = "Distance", "Distance\Distance.csproj", "{69618572-E276-4F49-ACEB-BB983BB6D292}"
EndProject
Project("{FAE04EC0-301F-11D3-BF4B-00C04F79EFBC}") = "Cubinator", "Cubinator\Cubinator.csproj", "{7C981991-F9D1-4F57-AC26-5148E9B363F9}"
EndProject
Global
	GlobalSection(SolutionConfigurationPlatforms) = preSolution
		Debug|Any CPU = Debug|Any CPU
		Release|Any CPU = Release|Any CPU
	EndGlobalSection
	GlobalSection(ProjectConfigurationPlatforms) = postSolution
		{00E5118B-0D6D-45B3-846F-4437FE8549AF}.Debug|Any CPU.ActiveCfg = Debug|Any CPU
		{00E5118B-0D6D-45B3-846F-4437FE8549AF}.Debug|Any CPU.Build.0 = Debug|Any CPU
		{00E5118B-0D6D-45B3-846F-4437FE8549AF}.Release|Any CPU.ActiveCfg = Release|Any CPU
		{00E5118B-0D6D-45B3-846F-4437FE8549AF}.Release|Any CPU.Build.0 = Release|Any CPU
		{69618572-E276-4F49-ACEB-BB983BB6D292}.Debug|Any CPU.ActiveCfg = Debug|Any CPU
		{69618572-E276-4F49-ACEB-BB983BB6D292}.Debug|Any CPU.Build.0 = Debug|Any CPU
		{69618572-E276-4F49-ACEB-BB983BB6D292}.Release|Any CPU.ActiveCfg = Release|Any CPU
		{69618572-E276-4F49-ACEB-BB983BB6D292}.Release|Any CPU.Build.0 = Release|Any CPU
		{7C981991-F9D1-4F57-AC26-5148E9B363F9}.Debug|Any CPU.ActiveCfg = Debug|Any CPU
		{7C981991-F9D1-4F57-AC26-5148E9B363F9}.Debug|Any CPU.Build.0 = Debug|Any CPU
		{7C981991-F9D1-4F57-AC26-5148E9B363F9}.Release|Any CPU.ActiveCfg = Release|Any CPU
		{7C981991-F9D1-4F57-AC26-5148E9B363F9}.Release|Any CPU.Build.0 = Release|Any CPU
	EndGlobalSection
	GlobalSection(SolutionProperties) = preSolution
		HideSolutionNode = FALSE
	EndGlobalSection
	GlobalSection(ExtensibilityGlobals) = postSolution
		SolutionGuid = {1B8CECD6-A567-43C4-882A-11C5F3CB3FFA}
	EndGlobalSection
EndGlobal
